
Microsoft Visual Studio Solution File, Format Version 12.00
# Visual Studio Version 17
Project("{8BC9CEB8-8B4A-11D0-8D11-00A0C91BC942}") = "ALL_BUILD", "ALL_BUILD.vcxproj", "{0F17124E-ED14-3453-845A-DFFE83AE1C28}"
	ProjectSection(ProjectDependencies) = postProject
		{AE34CC5F-6BEC-3031-8225-F02634AAABD9} = {AE34CC5F-6BEC-3031-8225-F02634AAABD9}
		{5144E5E0-6263-3A35-ABFE-BFA26C8D71AA} = {5144E5E0-6263-3A35-ABFE-BFA26C8D71AA}
		{BBE201E3-ECBE-3574-B60C-16B00891330B} = {BBE201E3-ECBE-3574-B60C-16B00891330B}
		{2BE6FD0A-C8A2-3777-99A3-5A1D9743E748} = {2BE6FD0A-C8A2-3777-99A3-5A1D9743E748}
	EndProjectSection
EndProject
Project("{8BC9CEB8-8B4A-11D0-8D11-00A0C91BC942}") = "INSTALL", "INSTALL.vcxproj", "{7B0C5A67-6EBC-3A4B-BB46-16374734E64B}"
	ProjectSection(ProjectDependencies) = postProject
		{0F17124E-ED14-3453-845A-DFFE83AE1C28} = {0F17124E-ED14-3453-845A-DFFE83AE1C28}
		{AE34CC5F-6BEC-3031-8225-F02634AAABD9} = {AE34CC5F-6BEC-3031-8225-F02634AAABD9}
	EndProjectSection
EndProject
Project("{8BC9CEB8-8B4A-11D0-8D11-00A0C91BC942}") = "PACKAGE", "PACKAGE.vcxproj", "{A5B9F766-9DBD-3A60-8A0B-BC77D416C572}"
	ProjectSection(ProjectDependencies) = postProject
		{0F17124E-ED14-3453-845A-DFFE83AE1C28} = {0F17124E-ED14-3453-845A-DFFE83AE1C28}
		{AE34CC5F-6BEC-3031-8225-F02634AAABD9} = {AE34CC5F-6BEC-3031-8225-F02634AAABD9}
	EndProjectSection
EndProject
Project("{8BC9CEB8-8B4A-11D0-8D11-00A0C91BC942}") = "ZERO_CHECK", "ZERO_CHECK.vcxproj", "{AE34CC5F-6BEC-3031-8225-F02634AAABD9}"
	ProjectSection(ProjectDependencies) = postProject
	EndProjectSection
EndProject
Project("{8BC9CEB8-8B4A-11D0-8D11-00A0C91BC942}") = "homework_5", "homework_5.vcxproj", "{5144E5E0-6263-3A35-ABFE-BFA26C8D71AA}"
	ProjectSection(ProjectDependencies) = postProject
		{AE34CC5F-6BEC-3031-8225-F02634AAABD9} = {AE34CC5F-6BEC-3031-8225-F02634AAABD9}
		{BBE201E3-ECBE-3574-B60C-16B00891330B} = {BBE201E3-ECBE-3574-B60C-16B00891330B}
	EndProjectSection
EndProject
Project("{8BC9CEB8-8B4A-11D0-8D11-00A0C91BC942}") = "pqxx", "libpqxx-build\src\pqxx.vcxproj", "{BBE201E3-ECBE-3574-B60C-16B00891330B}"
	ProjectSection(ProjectDependencies) = postProject
		{AE34CC5F-6BEC-3031-8225-F02634AAABD9} = {AE34CC5F-6BEC-3031-8225-F02634AAABD9}
	EndProjectSection
EndProject
Project("{8BC9CEB8-8B4A-11D0-8D11-00A0C91BC942}") = "runner", "libpqxx-build\test\runner.vcxproj", "{2BE6FD0A-C8A2-3777-99A3-5A1D9743E748}"
	ProjectSection(ProjectDependencies) = postProject
		{AE34CC5F-6BEC-3031-8225-F02634AAABD9} = {AE34CC5F-6BEC-3031-8225-F02634AAABD9}
		{BBE201E3-ECBE-3574-B60C-16B00891330B} = {BBE201E3-ECBE-3574-B60C-16B00891330B}
	EndProjectSection
EndProject
Global
	GlobalSection(SolutionConfigurationPlatforms) = preSolution
		Debug|x64 = Debug|x64
		Release|x64 = Release|x64
		MinSizeRel|x64 = MinSizeRel|x64
		RelWithDebInfo|x64 = RelWithDebInfo|x64
	EndGlobalSection
	GlobalSection(ProjectConfigurationPlatforms) = postSolution
		{0F17124E-ED14-3453-845A-DFFE83AE1C28}.Debug|x64.ActiveCfg = Debug|x64
		{0F17124E-ED14-3453-845A-DFFE83AE1C28}.Debug|x64.Build.0 = Debug|x64
		{0F17124E-ED14-3453-845A-DFFE83AE1C28}.Release|x64.ActiveCfg = Release|x64
		{0F17124E-ED14-3453-845A-DFFE83AE1C28}.Release|x64.Build.0 = Release|x64
		{0F17124E-ED14-3453-845A-DFFE83AE1C28}.MinSizeRel|x64.ActiveCfg = MinSizeRel|x64
		{0F17124E-ED14-3453-845A-DFFE83AE1C28}.MinSizeRel|x64.Build.0 = MinSizeRel|x64
		{0F17124E-ED14-3453-845A-DFFE83AE1C28}.RelWithDebInfo|x64.ActiveCfg = RelWithDebInfo|x64
		{0F17124E-ED14-3453-845A-DFFE83AE1C28}.RelWithDebInfo|x64.Build.0 = RelWithDebInfo|x64
		{7B0C5A67-6EBC-3A4B-BB46-16374734E64B}.Debug|x64.ActiveCfg = Debug|x64
		{7B0C5A67-6EBC-3A4B-BB46-16374734E64B}.Release|x64.ActiveCfg = Release|x64
		{7B0C5A67-6EBC-3A4B-BB46-16374734E64B}.MinSizeRel|x64.ActiveCfg = MinSizeRel|x64
		{7B0C5A67-6EBC-3A4B-BB46-16374734E64B}.RelWithDebInfo|x64.ActiveCfg = RelWithDebInfo|x64
		{A5B9F766-9DBD-3A60-8A0B-BC77D416C572}.Debug|x64.ActiveCfg = Debug|x64
		{A5B9F766-9DBD-3A60-8A0B-BC77D416C572}.Release|x64.ActiveCfg = Release|x64
		{A5B9F766-9DBD-3A60-8A0B-BC77D416C572}.MinSizeRel|x64.ActiveCfg = MinSizeRel|x64
		{A5B9F766-9DBD-3A60-8A0B-BC77D416C572}.RelWithDebInfo|x64.ActiveCfg = RelWithDebInfo|x64
		{AE34CC5F-6BEC-3031-8225-F02634AAABD9}.Debug|x64.ActiveCfg = Debug|x64
		{AE34CC5F-6BEC-3031-8225-F02634AAABD9}.Debug|x64.Build.0 = Debug|x64
		{AE34CC5F-6BEC-3031-8225-F02634AAABD9}.Release|x64.ActiveCfg = Release|x64
		{AE34CC5F-6BEC-3031-8225-F02634AAABD9}.Release|x64.Build.0 = Release|x64
		{AE34CC5F-6BEC-3031-8225-F02634AAABD9}.MinSizeRel|x64.ActiveCfg = MinSizeRel|x64
		{AE34CC5F-6BEC-3031-8225-F02634AAABD9}.MinSizeRel|x64.Build.0 = MinSizeRel|x64
		{AE34CC5F-6BEC-3031-8225-F02634AAABD9}.RelWithDebInfo|x64.ActiveCfg = RelWithDebInfo|x64
		{AE34CC5F-6BEC-3031-8225-F02634AAABD9}.RelWithDebInfo|x64.Build.0 = RelWithDebInfo|x64
		{5144E5E0-6263-3A35-ABFE-BFA26C8D71AA}.Debug|x64.ActiveCfg = Debug|x64
		{5144E5E0-6263-3A35-ABFE-BFA26C8D71AA}.Debug|x64.Build.0 = Debug|x64
		{5144E5E0-6263-3A35-ABFE-BFA26C8D71AA}.Release|x64.ActiveCfg = Release|x64
		{5144E5E0-6263-3A35-ABFE-BFA26C8D71AA}.Release|x64.Build.0 = Release|x64
		{5144E5E0-6263-3A35-ABFE-BFA26C8D71AA}.MinSizeRel|x64.ActiveCfg = MinSizeRel|x64
		{5144E5E0-6263-3A35-ABFE-BFA26C8D71AA}.MinSizeRel|x64.Build.0 = MinSizeRel|x64
		{5144E5E0-6263-3A35-ABFE-BFA26C8D71AA}.RelWithDebInfo|x64.ActiveCfg = RelWithDebInfo|x64
		{5144E5E0-6263-3A35-ABFE-BFA26C8D71AA}.RelWithDebInfo|x64.Build.0 = RelWithDebInfo|x64
		{BBE201E3-ECBE-3574-B60C-16B00891330B}.Debug|x64.ActiveCfg = Debug|x64
		{BBE201E3-ECBE-3574-B60C-16B00891330B}.Debug|x64.Build.0 = Debug|x64
		{BBE201E3-ECBE-3574-B60C-16B00891330B}.Release|x64.ActiveCfg = Release|x64
		{BBE201E3-ECBE-3574-B60C-16B00891330B}.Release|x64.Build.0 = Release|x64
		{BBE201E3-ECBE-3574-B60C-16B00891330B}.MinSizeRel|x64.ActiveCfg = MinSizeRel|x64
		{BBE201E3-ECBE-3574-B60C-16B00891330B}.MinSizeRel|x64.Build.0 = MinSizeRel|x64
		{BBE201E3-ECBE-3574-B60C-16B00891330B}.RelWithDebInfo|x64.ActiveCfg = RelWithDebInfo|x64
		{BBE201E3-ECBE-3574-B60C-16B00891330B}.RelWithDebInfo|x64.Build.0 = RelWithDebInfo|x64
		{2BE6FD0A-C8A2-3777-99A3-5A1D9743E748}.Debug|x64.ActiveCfg = Debug|x64
		{2BE6FD0A-C8A2-3777-99A3-5A1D9743E748}.Debug|x64.Build.0 = Debug|x64
		{2BE6FD0A-C8A2-3777-99A3-5A1D9743E748}.Release|x64.ActiveCfg = Release|x64
		{2BE6FD0A-C8A2-3777-99A3-5A1D9743E748}.Release|x64.Build.0 = Release|x64
		{2BE6FD0A-C8A2-3777-99A3-5A1D9743E748}.MinSizeRel|x64.ActiveCfg = MinSizeRel|x64
		{2BE6FD0A-C8A2-3777-99A3-5A1D9743E748}.MinSizeRel|x64.Build.0 = MinSizeRel|x64
		{2BE6FD0A-C8A2-3777-99A3-5A1D9743E748}.RelWithDebInfo|x64.ActiveCfg = RelWithDebInfo|x64
		{2BE6FD0A-C8A2-3777-99A3-5A1D9743E748}.RelWithDebInfo|x64.Build.0 = RelWithDebInfo|x64
	EndGlobalSection
	GlobalSection(ExtensibilityGlobals) = postSolution
		SolutionGuid = {ADF50D71-84D7-32DA-8392-69AEF977831E}
	EndGlobalSection
	GlobalSection(ExtensibilityAddIns) = postSolution
	EndGlobalSection
EndGlobal
